// !$*UTF8*$!
{
	archiveVersion = 1;
	classes = {
	};
	objectVersion = 48;
	objects = {

/* Begin PBXBuildFile section */
		2978B8441F8397F100ABB19B /* AppDelegate.swift in Sources */ = {isa = PBXBuildFile; fileRef = 2978B8431F8397F100ABB19B /* AppDelegate.swift */; };
		2978B8461F8397F100ABB19B /* CategoriesVC.swift in Sources */ = {isa = PBXBuildFile; fileRef = 2978B8451F8397F100ABB19B /* CategoriesVC.swift */; };
		2978B8491F8397F100ABB19B /* Main.storyboard in Resources */ = {isa = PBXBuildFile; fileRef = 2978B8471F8397F100ABB19B /* Main.storyboard */; };
		2978B84B1F8397F100ABB19B /* Assets.xcassets in Resources */ = {isa = PBXBuildFile; fileRef = 2978B84A1F8397F100ABB19B /* Assets.xcassets */; };
		2978B84E1F8397F100ABB19B /* LaunchScreen.storyboard in Resources */ = {isa = PBXBuildFile; fileRef = 2978B84C1F8397F100ABB19B /* LaunchScreen.storyboard */; };
		2978B8591F839FF300ABB19B /* CategoryCell.swift in Sources */ = {isa = PBXBuildFile; fileRef = 2978B8581F839FF300ABB19B /* CategoryCell.swift */; };
		2978B85B1F83A3F500ABB19B /* Category.swift in Sources */ = {isa = PBXBuildFile; fileRef = 2978B85A1F83A3F500ABB19B /* Category.swift */; };
		2978B85E1F83A64D00ABB19B /* DataService.swift in Sources */ = {isa = PBXBuildFile; fileRef = 2978B85D1F83A64D00ABB19B /* DataService.swift */; };
		29D1E0031F8683D0004D4C03 /* ProductCell.swift in Sources */ = {isa = PBXBuildFile; fileRef = 29D1E0021F8683D0004D4C03 /* ProductCell.swift */; };
/* End PBXBuildFile section */

/* Begin PBXFileReference section */
		2978B8401F8397F100ABB19B /* CoderSwag.app */ = {isa = PBXFileReference; explicitFileType = wrapper.application; includeInIndex = 0; path = CoderSwag.app; sourceTree = BUILT_PRODUCTS_DIR; };
		2978B8431F8397F100ABB19B /* AppDelegate.swift */ = {isa = PBXFileReference; lastKnownFileType = sourcecode.swift; path = AppDelegate.swift; sourceTree = "<group>"; };
		2978B8451F8397F100ABB19B /* CategoriesVC.swift */ = {isa = PBXFileReference; lastKnownFileType = sourcecode.swift; path = CategoriesVC.swift; sourceTree = "<group>"; };
		2978B8481F8397F100ABB19B /* Base */ = {isa = PBXFileReference; lastKnownFileType = file.storyboard; name = Base; path = Base.lproj/Main.storyboard; sourceTree = "<group>"; };
		2978B84A1F8397F100ABB19B /* Assets.xcassets */ = {isa = PBXFileReference; lastKnownFileType = folder.assetcatalog; path = Assets.xcassets; sourceTree = "<group>"; };
		2978B84D1F8397F100ABB19B /* Base */ = {isa = PBXFileReference; lastKnownFileType = file.storyboard; name = Base; path = Base.lproj/LaunchScreen.storyboard; sourceTree = "<group>"; };
		2978B84F1F8397F100ABB19B /* Info.plist */ = {isa = PBXFileReference; lastKnownFileType = text.plist.xml; path = Info.plist; sourceTree = "<group>"; };
		2978B8581F839FF300ABB19B /* CategoryCell.swift */ = {isa = PBXFileReference; lastKnownFileType = sourcecode.swift; path = CategoryCell.swift; sourceTree = "<group>"; };
		2978B85A1F83A3F500ABB19B /* Category.swift */ = {isa = PBXFileReference; lastKnownFileType = sourcecode.swift; path = Category.swift; sourceTree = "<group>"; };
		2978B85D1F83A64D00ABB19B /* DataService.swift */ = {isa = PBXFileReference; lastKnownFileType = sourcecode.swift; path = DataService.swift; sourceTree = "<group>"; };
		29D1E0021F8683D0004D4C03 /* ProductCell.swift */ = {isa = PBXFileReference; lastKnownFileType = sourcecode.swift; path = ProductCell.swift; sourceTree = "<group>"; };
/* End PBXFileReference section */

/* Begin PBXFrameworksBuildPhase section */
		2978B83D1F8397F000ABB19B /* Frameworks */ = {
			isa = PBXFrameworksBuildPhase;
			buildActionMask = 2147483647;
			files = (
			);
			runOnlyForDeploymentPostprocessing = 0;
		};
/* End PBXFrameworksBuildPhase section */

/* Begin PBXGroup section */
		2978B8371F8397F000ABB19B = {
			isa = PBXGroup;
			children = (
				2978B8421F8397F100ABB19B /* CoderSwag */,
				2978B8411F8397F100ABB19B /* Products */,
			);
			sourceTree = "<group>";
		};
		2978B8411F8397F100ABB19B /* Products */ = {
			isa = PBXGroup;
			children = (
				2978B8401F8397F100ABB19B /* CoderSwag.app */,
			);
			name = Products;
			sourceTree = "<group>";
		};
		2978B8421F8397F100ABB19B /* CoderSwag */ = {
			isa = PBXGroup;
			children = (
				2978B85C1F83A62900ABB19B /* Services */,
				2978B8571F839F4000ABB19B /* Controller */,
				2978B8561F839F3600ABB19B /* View */,
				2978B8551F839F2D00ABB19B /* Model */,
				2978B8471F8397F100ABB19B /* Main.storyboard */,
				2978B84A1F8397F100ABB19B /* Assets.xcassets */,
				2978B84C1F8397F100ABB19B /* LaunchScreen.storyboard */,
				2978B84F1F8397F100ABB19B /* Info.plist */,
			);
			path = CoderSwag;
			sourceTree = "<group>";
		};
		2978B8551F839F2D00ABB19B /* Model */ = {
			isa = PBXGroup;
			children = (
				2978B8431F8397F100ABB19B /* AppDelegate.swift */,
				2978B85A1F83A3F500ABB19B /* Category.swift */,
			);
			path = Model;
			sourceTree = "<group>";
		};
		2978B8561F839F3600ABB19B /* View */ = {
			isa = PBXGroup;
			children = (
				2978B8581F839FF300ABB19B /* CategoryCell.swift */,
				29D1E0021F8683D0004D4C03 /* ProductCell.swift */,
			);
			path = View;
			sourceTree = "<group>";
		};
		2978B8571F839F4000ABB19B /* Controller */ = {
			isa = PBXGroup;
			children = (
				2978B8451F8397F100ABB19B /* CategoriesVC.swift */,
			);
			path = Controller;
			sourceTree = "<group>";
		};
		2978B85C1F83A62900ABB19B /* Services */ = {
			isa = PBXGroup;
			children = (
				2978B85D1F83A64D00ABB19B /* DataService.swift */,
			);
			path = Services;
			sourceTree = "<group>";
		};
/* End PBXGroup section */

/* Begin PBXNativeTarget section */
		2978B83F1F8397F000ABB19B /* CoderSwag */ = {
			isa = PBXNativeTarget;
			buildConfigurationList = 2978B8521F8397F100ABB19B /* Build configuration list for PBXNativeTarget "CoderSwag" */;
			buildPhases = (
				2978B83C1F8397F000ABB19B /* Sources */,
				2978B83D1F8397F000ABB19B /* Frameworks */,
				2978B83E1F8397F000ABB19B /* Resources */,
			);
			buildRules = (
			);
			dependencies = (
			);
			name = CoderSwag;
			productName = CoderSwag;
			productReference = 2978B8401F8397F100ABB19B /* CoderSwag.app */;
			productType = "com.apple.product-type.application";
		};
/* End PBXNativeTarget section */

/* Begin PBXProject section */
		2978B8381F8397F000ABB19B /* Project object */ = {
			isa = PBXProject;
			attributes = {
				LastSwiftUpdateCheck = 0900;
				LastUpgradeCheck = 0900;
				ORGANIZATIONNAME = "Khaled Esam";
				TargetAttributes = {
					2978B83F1F8397F000ABB19B = {
						CreatedOnToolsVersion = 9.0;
						ProvisioningStyle = Automatic;
					};
				};
			};
			buildConfigurationList = 2978B83B1F8397F000ABB19B /* Build configuration list for PBXProject "CoderSwag" */;
			compatibilityVersion = "Xcode 8.0";
			developmentRegion = en;
			hasScannedForEncodings = 0;
			knownRegions = (
				en,
				Base,
			);
			mainGroup = 2978B8371F8397F000ABB19B;
			productRefGroup = 2978B8411F8397F100ABB19B /* Products */;
			projectDirPath = "";
			projectRoot = "";
			targets = (
				2978B83F1F8397F000ABB19B /* CoderSwag */,
			);
		};
/* End PBXProject section */

/* Begin PBXResourcesBuildPhase section */
		2978B83E1F8397F000ABB19B /* Resources */ = {
			isa = PBXResourcesBuildPhase;
			buildActionMask = 2147483647;
			files = (
				2978B84E1F8397F100ABB19B /* LaunchScreen.storyboard in Resources */,
				2978B84B1F8397F100ABB19B /* Assets.xcassets in Resources */,
				2978B8491F8397F100ABB19B /* Main.storyboard in Resources */,
			);
			runOnlyForDeploymentPostprocessing = 0;
		};
/* End PBXResourcesBuildPhase section */

/* Begin PBXSourcesBuildPhase section */
		2978B83C1F8397F000ABB19B /* Sources */ = {
			isa = PBXSourcesBuildPhase;
			buildActionMask = 2147483647;
			files = (
				2978B8461F8397F100ABB19B /* CategoriesVC.swift in Sources */,
				2978B8441F8397F100ABB19B /* AppDelegate.swift in Sources */,
				2978B8591F839FF300ABB19B /* CategoryCell.swift in Sources */,
				29D1E0031F8683D0004D4C03 /* ProductCell.swift in Sources */,
				2978B85B1F83A3F500ABB19B /* Category.swift in Sources */,
				2978B85E1F83A64D00ABB19B /* DataService.swift in Sources */,
			);
			runOnlyForDeploymentPostprocessing = 0;
		};
/* End PBXSourcesBuildPhase section */

/* Begin PBXVariantGroup section */
		2978B8471F8397F100ABB19B /* Main.storyboard */ = {
			isa = PBXVariantGroup;
			children = (
				2978B8481F8397F100ABB19B /* Base */,
			);
			name = Main.storyboard;
			sourceTree = "<group>";
		};
		2978B84C1F8397F100ABB19B /* LaunchScreen.storyboard */ = {
			isa = PBXVariantGroup;
			children = (
				2978B84D1F8397F100ABB19B /* Base */,
			);
			name = LaunchScreen.storyboard;
			sourceTree = "<group>";
		};
/* End PBXVariantGroup section */

/* Begin XCBuildConfiguration section */
		2978B8501F8397F100ABB19B /* Debug */ = {
			isa = XCBuildConfiguration;
			buildSettings = {
				ALWAYS_SEARCH_USER_PATHS = NO;
				CLANG_ANALYZER_NONNULL = YES;
				CLANG_ANALYZER_NUMBER_OBJECT_CONVERSION = YES_AGGRESSIVE;
				CLANG_CXX_LANGUAGE_STANDARD = "gnu++14";
				CLANG_CXX_LIBRARY = "libc++";
				CLANG_ENABLE_MODULES = YES;
				CLANG_ENABLE_OBJC_ARC = YES;
				CLANG_WARN_BLOCK_CAPTURE_AUTORELEASING = YES;
				CLANG_WARN_BOOL_CONVERSION = YES;
				CLANG_WARN_COMMA = YES;
				CLANG_WARN_CONSTANT_CONVERSION = YES;
				CLANG_WARN_DIRECT_OBJC_ISA_USAGE = YES_ERROR;
				CLANG_WARN_DOCUMENTATION_COMMENTS = YES;
				CLANG_WARN_EMPTY_BODY = YES;
				CLANG_WARN_ENUM_CONVERSION = YES;
				CLANG_WARN_INFINITE_RECURSION = YES;
				CLANG_WARN_INT_CONVERSION = YES;
				CLANG_WARN_NON_LITERAL_NULL_CONVERSION = YES;
				CLANG_WARN_OBJC_LITERAL_CONVERSION = YES;
				CLANG_WARN_OBJC_ROOT_CLASS = YES_ERROR;
				CLANG_WARN_RANGE_LOOP_ANALYSIS = YES;
				CLANG_WARN_STRICT_PROTOTYPES = YES;
				CLANG_WARN_SUSPICIOUS_MOVE = YES;
				CLANG_WARN_UNGUARDED_AVAILABILITY = YES_AGGRESSIVE;
				CLANG_WARN_UNREACHABLE_CODE = YES;
				CLANG_WARN__DUPLICATE_METHOD_MATCH = YES;
				CODE_SIGN_IDENTITY = "iPhone Developer";
				COPY_PHASE_STRIP = NO;
				DEBUG_INFORMATION_FORMAT = dwarf;
				ENABLE_STRICT_OBJC_MSGSEND = YES;
				ENABLE_TESTABILITY = YES;
				GCC_C_LANGUAGE_STANDARD = gnu11;
				GCC_DYNAMIC_NO_PIC = NO;
				GCC_NO_COMMON_BLOCKS = YES;
				GCC_OPTIMIZATION_LEVEL = 0;
				GCC_PREPROCESSOR_DEFINITIONS = (
					"DEBUG=1",
					"$(inherited)",
				);
				GCC_WARN_64_TO_32_BIT_CONVERSION = YES;
				GCC_WARN_ABOUT_RETURN_TYPE = YES_ERROR;
				GCC_WARN_UNDECLARED_SELECTOR = YES;
				GCC_WARN_UNINITIALIZED_AUTOS = YES_AGGRESSIVE;
				GCC_WARN_UNUSED_FUNCTION = YES;
				GCC_WARN_UNUSED_VARIABLE = YES;
				IPHONEOS_DEPLOYMENT_TARGET = 11.0;
				MTL_ENABLE_DEBUG_INFO = YES;
				ONLY_ACTIVE_ARCH = YES;
				SDKROOT = iphoneos;
				SWIFT_ACTIVE_COMPILATION_CONDITIONS = DEBUG;
				SWIFT_OPTIMIZATION_LEVEL = "-Onone";
			};
			name = Debug;
		};
		2978B8511F8397F100ABB19B /* Release */ = {
			isa = XCBuildConfiguration;
			buildSettings = {
				ALWAYS_SEARCH_USER_PATHS = NO;
				CLANG_ANALYZER_NONNULL = YES;
				CLANG_ANALYZER_NUMBER_OBJECT_CONVERSION = YES_AGGRESSIVE;
				CLANG_CXX_LANGUAGE_STANDARD = "gnu++14";
				CLANG_CXX_LIBRARY = "libc++";
				CLANG_ENABLE_MODULES = YES;
				CLANG_ENABLE_OBJC_ARC = YES;
				CLANG_WARN_BLOCK_CAPTURE_AUTORELEASING = YES;
				CLANG_WARN_BOOL_CONVERSION = YES;
				CLANG_WARN_COMMA = YES;
				CLANG_WARN_CONSTANT_CONVERSION = YES;
				CLANG_WARN_DIRECT_OBJC_ISA_USAGE = YES_ERROR;
				CLANG_WARN_DOCUMENTATION_COMMENTS = YES;
				CLANG_WARN_EMPTY_BODY = YES;
				CLANG_WARN_ENUM_CONVERSION = YES;
				CLANG_WARN_INFINITE_RECURSION = YES;
				CLANG_WARN_INT_CONVERSION = YES;
				CLANG_WARN_NON_LITERAL_NULL_CONVERSION = YES;
				CLANG_WARN_OBJC_LITERAL_CONVERSION = YES;
				CLANG_WARN_OBJC_ROOT_CLASS = YES_ERROR;
				CLANG_WARN_RANGE_LOOP_ANALYSIS = YES;
				CLANG_WARN_STRICT_PROTOTYPES = YES;
				CLANG_WARN_SUSPICIOUS_MOVE = YES;
				CLANG_WARN_UNGUARDED_AVAILABILITY = YES_AGGRESSIVE;
				CLANG_WARN_UNREACHABLE_CODE = YES;
				CLANG_WARN__DUPLICATE_METHOD_MATCH = YES;
				CODE_SIGN_IDENTITY = "iPhone Developer";
				COPY_PHASE_STRIP = NO;
				DEBUG_INFORMATION_FORMAT = "dwarf-with-dsym";
				ENABLE_NS_ASSERTIONS = NO;
				ENABLE_STRICT_OBJC_MSGSEND = YES;
				GCC_C_LANGUAGE_STANDARD = gnu11;
				GCC_NO_COMMON_BLOCKS = YES;
				GCC_WARN_64_TO_32_BIT_CONVERSION = YES;
				GCC_WARN_ABOUT_RETURN_TYPE = YES_ERROR;
				GCC_WARN_UNDECLARED_SELECTOR = YES;
				GCC_WARN_UNINITIALIZED_AUTOS = YES_AGGRESSIVE;
				GCC_WARN_UNUSED_FUNCTION = YES;
				GCC_WARN_UNUSED_VARIABLE = YES;
				IPHONEOS_DEPLOYMENT_TARGET = 11.0;
				MTL_ENABLE_DEBUG_INFO = NO;
				SDKROOT = iphoneos;
				SWIFT_OPTIMIZATION_LEVEL = "-Owholemodule";
				VALIDATE_PRODUCT = YES;
			};
			name = Release;
		};
		2978B8531F8397F100ABB19B /* Debug */ = {
			isa = XCBuildConfiguration;
			buildSettings = {
				ASSETCATALOG_COMPILER_APPICON_NAME = AppIcon;
				CODE_SIGN_STYLE = Automatic;
				DEVELOPMENT_TEAM = N65V7KL7W6;
				INFOPLIST_FILE = CoderSwag/Info.plist;
				IPHONEOS_DEPLOYMENT_TARGET = 10.3;
				LD_RUNPATH_SEARCH_PATHS = "$(inherited) @executable_path/Frameworks";
				PRODUCT_BUNDLE_IDENTIFIER = com.KhaledEsam.CoderSwag;
				PRODUCT_NAME = "$(TARGET_NAME)";
				SWIFT_VERSION = 4.0;
				TARGETED_DEVICE_FAMILY = "1,2";
			};
			name = Debug;
		};
		2978B8541F8397F100ABB19B /* Release */ = {
			isa = XCBuildConfiguration;
			buildSettings = {
				ASSETCATALOG_COMPILER_APPICON_NAME = AppIcon;
				CODE_SIGN_STYLE = Automatic;
				DEVELOPMENT_TEAM = N65V7KL7W6;
				INFOPLIST_FILE = CoderSwag/Info.plist;
				IPHONEOS_DEPLOYMENT_TARGET = 10.3;
				LD_RUNPATH_SEARCH_PATHS = "$(inherited) @executable_path/Frameworks";
				PRODUCT_BUNDLE_IDENTIFIER = com.KhaledEsam.CoderSwag;
				PRODUCT_NAME = "$(TARGET_NAME)";
				SWIFT_VERSION = 4.0;
				TARGETED_DEVICE_FAMILY = "1,2";
			};
			name = Release;
		};
/* End XCBuildConfiguration section */

/* Begin XCConfigurationList section */
		2978B83B1F8397F000ABB19B /* Build configuration list for PBXProject "CoderSwag" */ = {
			isa = XCConfigurationList;
			buildConfigurations = (
				2978B8501F8397F100ABB19B /* Debug */,
				2978B8511F8397F100ABB19B /* Release */,
			);
			defaultConfigurationIsVisible = 0;
			defaultConfigurationName = Release;
		};
		2978B8521F8397F100ABB19B /* Build configuration list for PBXNativeTarget "CoderSwag" */ = {
			isa = XCConfigurationList;
			buildConfigurations = (
				2978B8531F8397F100ABB19B /* Debug */,
				2978B8541F8397F100ABB19B /* Release */,
			);
			defaultConfigurationIsVisible = 0;
			defaultConfigurationName = Release;
		};
/* End XCConfigurationList section */
	};
	rootObject = 2978B8381F8397F000ABB19B /* Project object */;
}
